// !$*UTF8*$!
{
	archiveVersion = 1;
	classes = {
	};
	objectVersion = 46;
	objects = {

/* Begin PBXBuildFile section */
		8B743AF01DD7F1170006F8F5 /* TRTimeZone.swift in Sources */ = {isa = PBXBuildFile; fileRef = 8B743AEF1DD7F1170006F8F5 /* TRTimeZone.swift */; };
		8B743AF61DD7F2820006F8F5 /* timeZones.swift in Sources */ = {isa = PBXBuildFile; fileRef = 8B743AF51DD7F2820006F8F5 /* timeZones.swift */; };
		8B743B111DDBB0F80006F8F5 /* Globals.swift in Sources */ = {isa = PBXBuildFile; fileRef = 8B743B101DDBB0F80006F8F5 /* Globals.swift */; };
		8B88E1CB1D3ED26400BADB5D /* AppDelegate.swift in Sources */ = {isa = PBXBuildFile; fileRef = 8B88E1CA1D3ED26400BADB5D /* AppDelegate.swift */; };
		8B88E1CD1D3ED26400BADB5D /* Assets.xcassets in Resources */ = {isa = PBXBuildFile; fileRef = 8B88E1CC1D3ED26400BADB5D /* Assets.xcassets */; };
		8B88E1D01D3ED26400BADB5D /* MainMenu.xib in Resources */ = {isa = PBXBuildFile; fileRef = 8B88E1CE1D3ED26400BADB5D /* MainMenu.xib */; };
		8B8D76C21E15B9CB009CAF75 /* MainMenu.swift in Sources */ = {isa = PBXBuildFile; fileRef = 8B8D76C11E15B9CB009CAF75 /* MainMenu.swift */; };
/* End PBXBuildFile section */

/* Begin PBXCopyFilesBuildPhase section */
		8B743B0C1DDBAD7A0006F8F5 /* CopyFiles */ = {
			isa = PBXCopyFilesBuildPhase;
			buildActionMask = 2147483647;
			dstPath = Contents/Library/LoginItems;
			dstSubfolderSpec = 1;
			files = (
			);
			runOnlyForDeploymentPostprocessing = 0;
		};
/* End PBXCopyFilesBuildPhase section */

/* Begin PBXFileReference section */
		8B743AEF1DD7F1170006F8F5 /* TRTimeZone.swift */ = {isa = PBXFileReference; fileEncoding = 4; lastKnownFileType = sourcecode.swift; path = TRTimeZone.swift; sourceTree = "<group>"; };
		8B743AF51DD7F2820006F8F5 /* timeZones.swift */ = {isa = PBXFileReference; fileEncoding = 4; lastKnownFileType = sourcecode.swift; path = timeZones.swift; sourceTree = "<group>"; };
		8B743B101DDBB0F80006F8F5 /* Globals.swift */ = {isa = PBXFileReference; fileEncoding = 4; lastKnownFileType = sourcecode.swift; path = Globals.swift; sourceTree = "<group>"; };
		8B88E1C71D3ED26400BADB5D /* trcl.app */ = {isa = PBXFileReference; explicitFileType = wrapper.application; includeInIndex = 0; path = trcl.app; sourceTree = BUILT_PRODUCTS_DIR; };
		8B88E1CA1D3ED26400BADB5D /* AppDelegate.swift */ = {isa = PBXFileReference; lastKnownFileType = sourcecode.swift; path = AppDelegate.swift; sourceTree = "<group>"; };
		8B88E1CC1D3ED26400BADB5D /* Assets.xcassets */ = {isa = PBXFileReference; lastKnownFileType = folder.assetcatalog; path = Assets.xcassets; sourceTree = "<group>"; };
		8B88E1CF1D3ED26400BADB5D /* Base */ = {isa = PBXFileReference; lastKnownFileType = file.xib; name = Base; path = Base.lproj/MainMenu.xib; sourceTree = "<group>"; };
		8B88E1D11D3ED26400BADB5D /* Info.plist */ = {isa = PBXFileReference; lastKnownFileType = text.plist.xml; path = Info.plist; sourceTree = "<group>"; };
		8B8D76C11E15B9CB009CAF75 /* MainMenu.swift */ = {isa = PBXFileReference; fileEncoding = 4; lastKnownFileType = sourcecode.swift; path = MainMenu.swift; sourceTree = "<group>"; };
/* End PBXFileReference section */

/* Begin PBXFrameworksBuildPhase section */
		8B88E1C41D3ED26400BADB5D /* Frameworks */ = {
			isa = PBXFrameworksBuildPhase;
			buildActionMask = 2147483647;
			files = (
			);
			runOnlyForDeploymentPostprocessing = 0;
		};
/* End PBXFrameworksBuildPhase section */

/* Begin PBXGroup section */
		8B88E1BE1D3ED26400BADB5D = {
			isa = PBXGroup;
			children = (
				8B88E1C91D3ED26400BADB5D /* trcl */,
				8B88E1C81D3ED26400BADB5D /* Products */,
			);
			sourceTree = "<group>";
		};
		8B88E1C81D3ED26400BADB5D /* Products */ = {
			isa = PBXGroup;
			children = (
				8B88E1C71D3ED26400BADB5D /* trcl.app */,
			);
			name = Products;
			sourceTree = "<group>";
		};
		8B88E1C91D3ED26400BADB5D /* trcl */ = {
			isa = PBXGroup;
			children = (
				8B88E1CA1D3ED26400BADB5D /* AppDelegate.swift */,
				8B743B101DDBB0F80006F8F5 /* Globals.swift */,
				8B743AF51DD7F2820006F8F5 /* timeZones.swift */,
				8B88E1CC1D3ED26400BADB5D /* Assets.xcassets */,
				8B88E1CE1D3ED26400BADB5D /* MainMenu.xib */,
				8B8D76C11E15B9CB009CAF75 /* MainMenu.swift */,
				8B88E1D11D3ED26400BADB5D /* Info.plist */,
				8B743AEF1DD7F1170006F8F5 /* TRTimeZone.swift */,
			);
			path = trcl;
			sourceTree = "<group>";
		};
/* End PBXGroup section */

/* Begin PBXNativeTarget section */
		8B88E1C61D3ED26400BADB5D /* trcl */ = {
			isa = PBXNativeTarget;
			buildConfigurationList = 8B88E1D41D3ED26400BADB5D /* Build configuration list for PBXNativeTarget "trcl" */;
			buildPhases = (
				8B743B181DDC79CD0006F8F5 /* Run Script */,
				8B88E1C31D3ED26400BADB5D /* Sources */,
				8B88E1C41D3ED26400BADB5D /* Frameworks */,
				8B88E1C51D3ED26400BADB5D /* Resources */,
				8B743B0C1DDBAD7A0006F8F5 /* CopyFiles */,
				8B743B191DDC7A0C0006F8F5 /* ShellScript */,
			);
			buildRules = (
			);
			dependencies = (
			);
			name = trcl;
			productName = trcl;
			productReference = 8B88E1C71D3ED26400BADB5D /* trcl.app */;
			productType = "com.apple.product-type.application";
		};
/* End PBXNativeTarget section */

/* Begin PBXProject section */
		8B88E1BF1D3ED26400BADB5D /* Project object */ = {
			isa = PBXProject;
			attributes = {
				LastSwiftUpdateCheck = 0730;
				LastUpgradeCheck = 0810;
				ORGANIZATIONNAME = "Tom Kazakov";
				TargetAttributes = {
					8B88E1C61D3ED26400BADB5D = {
						CreatedOnToolsVersion = 7.3.1;
						LastSwiftMigration = 0810;
					};
				};
			};
			buildConfigurationList = 8B88E1C21D3ED26400BADB5D /* Build configuration list for PBXProject "trcl" */;
			compatibilityVersion = "Xcode 3.2";
			developmentRegion = English;
			hasScannedForEncodings = 0;
			knownRegions = (
				en,
				Base,
			);
			mainGroup = 8B88E1BE1D3ED26400BADB5D;
			productRefGroup = 8B88E1C81D3ED26400BADB5D /* Products */;
			projectDirPath = "";
			projectRoot = "";
			targets = (
				8B88E1C61D3ED26400BADB5D /* trcl */,
			);
		};
/* End PBXProject section */

/* Begin PBXResourcesBuildPhase section */
		8B88E1C51D3ED26400BADB5D /* Resources */ = {
			isa = PBXResourcesBuildPhase;
			buildActionMask = 2147483647;
			files = (
				8B88E1CD1D3ED26400BADB5D /* Assets.xcassets in Resources */,
				8B88E1D01D3ED26400BADB5D /* MainMenu.xib in Resources */,
			);
			runOnlyForDeploymentPostprocessing = 0;
		};
/* End PBXResourcesBuildPhase section */

/* Begin PBXShellScriptBuildPhase section */
		8B743B181DDC79CD0006F8F5 /* Run Script */ = {
			isa = PBXShellScriptBuildPhase;
			buildActionMask = 2147483647;
			files = (
			);
			inputPaths = (
			);
			name = "Run Script";
			outputPaths = (
			);
			runOnlyForDeploymentPostprocessing = 0;
			shellPath = /bin/sh;
			shellScript = "# Set the build number to the count of Git commits\nbuildNumber=$(git rev-list HEAD | wc -l | tr -d ' ')\n/usr/libexec/PlistBuddy -c \"Set :CFBundleVersion $buildNumber\" \"${PROJECT_DIR}/${INFOPLIST_FILE}\"";
			showEnvVarsInLog = 0;
		};
		8B743B191DDC7A0C0006F8F5 /* ShellScript */ = {
			isa = PBXShellScriptBuildPhase;
			buildActionMask = 2147483647;
			files = (
			);
			inputPaths = (
			);
			outputPaths = (
			);
			runOnlyForDeploymentPostprocessing = 0;
			shellPath = /bin/sh;
			shellScript = "# Set the build number to \"DEVELOPMENT\"\n/usr/libexec/PlistBuddy -c \"Set :CFBundleVersion DEVELOPMENT\" \"${PROJECT_DIR}/${INFOPLIST_FILE}\"";
			showEnvVarsInLog = 0;
		};
/* End PBXShellScriptBuildPhase section */

/* Begin PBXSourcesBuildPhase section */
		8B88E1C31D3ED26400BADB5D /* Sources */ = {
			isa = PBXSourcesBuildPhase;
			buildActionMask = 2147483647;
			files = (
				8B8D76C21E15B9CB009CAF75 /* MainMenu.swift in Sources */,
				8B743AF01DD7F1170006F8F5 /* TRTimeZone.swift in Sources */,
				8B88E1CB1D3ED26400BADB5D /* AppDelegate.swift in Sources */,
				8B743AF61DD7F2820006F8F5 /* timeZones.swift in Sources */,
				8B743B111DDBB0F80006F8F5 /* Globals.swift in Sources */,
			);
			runOnlyForDeploymentPostprocessing = 0;
		};
/* End PBXSourcesBuildPhase section */

/* Begin PBXVariantGroup section */
		8B88E1CE1D3ED26400BADB5D /* MainMenu.xib */ = {
			isa = PBXVariantGroup;
			children = (
				8B88E1CF1D3ED26400BADB5D /* Base */,
			);
			name = MainMenu.xib;
			sourceTree = "<group>";
		};
/* End PBXVariantGroup section */

/* Begin XCBuildConfiguration section */
		8B88E1D21D3ED26400BADB5D /* Debug */ = {
			isa = XCBuildConfiguration;
			buildSettings = {
				ALWAYS_SEARCH_USER_PATHS = NO;
				CLANG_ANALYZER_NONNULL = YES;
				CLANG_CXX_LANGUAGE_STANDARD = "gnu++0x";
				CLANG_CXX_LIBRARY = "libc++";
				CLANG_ENABLE_MODULES = YES;
				CLANG_ENABLE_OBJC_ARC = YES;
				CLANG_WARN_BOOL_CONVERSION = YES;
				CLANG_WARN_CONSTANT_CONVERSION = YES;
				CLANG_WARN_DIRECT_OBJC_ISA_USAGE = YES_ERROR;
				CLANG_WARN_EMPTY_BODY = YES;
				CLANG_WARN_ENUM_CONVERSION = YES;
				CLANG_WARN_INFINITE_RECURSION = YES;
				CLANG_WARN_INT_CONVERSION = YES;
				CLANG_WARN_OBJC_ROOT_CLASS = YES_ERROR;
				CLANG_WARN_SUSPICIOUS_MOVE = YES;
				CLANG_WARN_UNREACHABLE_CODE = YES;
				CLANG_WARN__DUPLICATE_METHOD_MATCH = YES;
				CODE_SIGN_IDENTITY = "-";
				COPY_PHASE_STRIP = NO;
				DEBUG_INFORMATION_FORMAT = dwarf;
				ENABLE_STRICT_OBJC_MSGSEND = YES;
				ENABLE_TESTABILITY = YES;
				GCC_C_LANGUAGE_STANDARD = gnu99;
				GCC_DYNAMIC_NO_PIC = NO;
				GCC_NO_COMMON_BLOCKS = YES;
				GCC_OPTIMIZATION_LEVEL = 0;
				GCC_PREPROCESSOR_DEFINITIONS = (
					"DEBUG=1",
					"$(inherited)",
				);
				GCC_WARN_64_TO_32_BIT_CONVERSION = YES;
				GCC_WARN_ABOUT_RETURN_TYPE = YES_ERROR;
				GCC_WARN_UNDECLARED_SELECTOR = YES;
				GCC_WARN_UNINITIALIZED_AUTOS = YES_AGGRESSIVE;
				GCC_WARN_UNUSED_FUNCTION = YES;
				GCC_WARN_UNUSED_VARIABLE = YES;
				MACOSX_DEPLOYMENT_TARGET = 10.11;
				MTL_ENABLE_DEBUG_INFO = YES;
				ONLY_ACTIVE_ARCH = YES;
				SDKROOT = macosx;
				SWIFT_OPTIMIZATION_LEVEL = "-Onone";
			};
			name = Debug;
		};
		8B88E1D31D3ED26400BADB5D /* Release */ = {
			isa = XCBuildConfiguration;
			buildSettings = {
				ALWAYS_SEARCH_USER_PATHS = NO;
				CLANG_ANALYZER_NONNULL = YES;
				CLANG_CXX_LANGUAGE_STANDARD = "gnu++0x";
				CLANG_CXX_LIBRARY = "libc++";
				CLANG_ENABLE_MODULES = YES;
				CLANG_ENABLE_OBJC_ARC = YES;
				CLANG_WARN_BOOL_CONVERSION = YES;
				CLANG_WARN_CONSTANT_CONVERSION = YES;
				CLANG_WARN_DIRECT_OBJC_ISA_USAGE = YES_ERROR;
				CLANG_WARN_EMPTY_BODY = YES;
				CLANG_WARN_ENUM_CONVERSION = YES;
				CLANG_WARN_INFINITE_RECURSION = YES;
				CLANG_WARN_INT_CONVERSION = YES;
				CLANG_WARN_OBJC_ROOT_CLASS = YES_ERROR;
				CLANG_WARN_SUSPICIOUS_MOVE = YES;
				CLANG_WARN_UNREACHABLE_CODE = YES;
				CLANG_WARN__DUPLICATE_METHOD_MATCH = YES;
				CODE_SIGN_IDENTITY = "-";
				COPY_PHASE_STRIP = NO;
				DEBUG_INFORMATION_FORMAT = "dwarf-with-dsym";
				ENABLE_NS_ASSERTIONS = NO;
				ENABLE_STRICT_OBJC_MSGSEND = YES;
				GCC_C_LANGUAGE_STANDARD = gnu99;
				GCC_NO_COMMON_BLOCKS = YES;
				GCC_WARN_64_TO_32_BIT_CONVERSION = YES;
				GCC_WARN_ABOUT_RETURN_TYPE = YES_ERROR;
				GCC_WARN_UNDECLARED_SELECTOR = YES;
				GCC_WARN_UNINITIALIZED_AUTOS = YES_AGGRESSIVE;
				GCC_WARN_UNUSED_FUNCTION = YES;
				GCC_WARN_UNUSED_VARIABLE = YES;
				MACOSX_DEPLOYMENT_TARGET = 10.11;
				MTL_ENABLE_DEBUG_INFO = NO;
				SDKROOT = macosx;
				SWIFT_OPTIMIZATION_LEVEL = "-Owholemodule";
			};
			name = Release;
		};
		8B88E1D51D3ED26400BADB5D /* Debug */ = {
			isa = XCBuildConfiguration;
			buildSettings = {
				ASSETCATALOG_COMPILER_APPICON_NAME = AppIcon;
				COMBINE_HIDPI_IMAGES = YES;
				COPY_PHASE_STRIP = YES;
				INFOPLIST_FILE = trcl/Info.plist;
				LD_RUNPATH_SEARCH_PATHS = "$(inherited) @executable_path/../Frameworks";
				PRODUCT_BUNDLE_IDENTIFIER = kzkv.trcl;
				PRODUCT_NAME = "$(TARGET_NAME)";
				SWIFT_VERSION = 3.0;
			};
			name = Debug;
		};
		8B88E1D61D3ED26400BADB5D /* Release */ = {
			isa = XCBuildConfiguration;
			buildSettings = {
				ASSETCATALOG_COMPILER_APPICON_NAME = AppIcon;
				COMBINE_HIDPI_IMAGES = YES;
				COPY_PHASE_STRIP = YES;
				INFOPLIST_FILE = trcl/Info.plist;
				LD_RUNPATH_SEARCH_PATHS = "$(inherited) @executable_path/../Frameworks";
				PRODUCT_BUNDLE_IDENTIFIER = kzkv.trcl;
				PRODUCT_NAME = "$(TARGET_NAME)";
				SWIFT_VERSION = 3.0;
			};
			name = Release;
		};
/* End XCBuildConfiguration section */

/* Begin XCConfigurationList section */
		8B88E1C21D3ED26400BADB5D /* Build configuration list for PBXProject "trcl" */ = {
			isa = XCConfigurationList;
			buildConfigurations = (
				8B88E1D21D3ED26400BADB5D /* Debug */,
				8B88E1D31D3ED26400BADB5D /* Release */,
			);
			defaultConfigurationIsVisible = 0;
			defaultConfigurationName = Release;
		};
		8B88E1D41D3ED26400BADB5D /* Build configuration list for PBXNativeTarget "trcl" */ = {
			isa = XCConfigurationList;
			buildConfigurations = (
				8B88E1D51D3ED26400BADB5D /* Debug */,
				8B88E1D61D3ED26400BADB5D /* Release */,
			);
			defaultConfigurationIsVisible = 0;
			defaultConfigurationName = Release;
		};
/* End XCConfigurationList section */
	};
	rootObject = 8B88E1BF1D3ED26400BADB5D /* Project object */;
}
